
Microsoft Visual Studio Solution File, Format Version 12.00
# Visual Studio Version 17
VisualStudioVersion = 17.0.32112.339
MinimumVisualStudioVersion = 10.0.40219.1
Project("{FAE04EC0-301F-11D3-BF4B-00C04F79EFBC}") = "MovieApiWithEF", "MovieApiWithEF.csproj", "{52A00047-3FB4-41F2-9D3C-B298B63D580C}"
EndProject
Global
	GlobalSection(SolutionConfigurationPlatforms) = preSolution
		Debug|Any CPU = Debug|Any CPU
		Release|Any CPU = Release|Any CPU
	EndGlobalSection
	GlobalSection(ProjectConfigurationPlatforms) = postSolution
		{52A00047-3FB4-41F2-9D3C-B298B63D580C}.Debug|Any CPU.ActiveCfg = Debug|Any CPU
		{52A00047-3FB4-41F2-9D3C-B298B63D580C}.Debug|Any CPU.Build.0 = Debug|Any CPU
		{52A00047-3FB4-41F2-9D3C-B298B63D580C}.Release|Any CPU.ActiveCfg = Release|Any CPU
		{52A00047-3FB4-41F2-9D3C-B298B63D580C}.Release|Any CPU.Build.0 = Release|Any CPU
	EndGlobalSection
	GlobalSection(SolutionProperties) = preSolution
		HideSolutionNode = FALSE
	EndGlobalSection
	GlobalSection(ExtensibilityGlobals) = postSolution
		SolutionGuid = {15D79F43-4D69-401D-8204-0BF3FDAA08AB}
	EndGlobalSection
EndGlobal
